
Microsoft Visual Studio Solution File, Format Version 12.00
# Visual Studio Version 16
VisualStudioVersion = 16.0.34301.259
MinimumVisualStudioVersion = 10.0.40219.1
Project("{E24C65DC-7377-472B-9ABA-BC803B73C61A}") = "BlogWeb", "BlogWeb\", "{3F5691DB-B874-44C9-8083-E62DF4266744}"
	ProjectSection(WebsiteProperties) = preProject
		TargetFrameworkMoniker = ".NETFramework,Version%3Dv4.7.2"
		Debug.AspNetCompiler.VirtualPath = "/localhost_50821"
		Debug.AspNetCompiler.PhysicalPath = "BlogWeb\"
		Debug.AspNetCompiler.TargetPath = "PrecompiledWeb\localhost_50821\"
		Debug.AspNetCompiler.Updateable = "true"
		Debug.AspNetCompiler.ForceOverwrite = "true"
		Debug.AspNetCompiler.FixedNames = "false"
		Debug.AspNetCompiler.Debug = "True"
		Release.AspNetCompiler.VirtualPath = "/localhost_50821"
		Release.AspNetCompiler.PhysicalPath = "BlogWeb\"
		Release.AspNetCompiler.TargetPath = "PrecompiledWeb\localhost_50821\"
		Release.AspNetCompiler.Updateable = "true"
		Release.AspNetCompiler.ForceOverwrite = "true"
		Release.AspNetCompiler.FixedNames = "false"
		Release.AspNetCompiler.Debug = "False"
		VWDPort = "50821"
		SlnRelativePath = "BlogWeb\"
		DefaultWebSiteLanguage = "Visual C#"
	EndProjectSection
EndProject
Global
	GlobalSection(SolutionConfigurationPlatforms) = preSolution
		Debug|Any CPU = Debug|Any CPU
	EndGlobalSection
	GlobalSection(ProjectConfigurationPlatforms) = postSolution
		{3F5691DB-B874-44C9-8083-E62DF4266744}.Debug|Any CPU.ActiveCfg = Debug|Any CPU
		{3F5691DB-B874-44C9-8083-E62DF4266744}.Debug|Any CPU.Build.0 = Debug|Any CPU
	EndGlobalSection
	GlobalSection(SolutionProperties) = preSolution
		HideSolutionNode = FALSE
	EndGlobalSection
	GlobalSection(ExtensibilityGlobals) = postSolution
		SolutionGuid = {B18EBEAE-8284-4518-B87B-1B933F43319A}
	EndGlobalSection
EndGlobal
